
Microsoft Visual Studio Solution File, Format Version 12.00
# Visual Studio Version 17
VisualStudioVersion = 17.4.33110.190
MinimumVisualStudioVersion = 10.0.40219.1
Project("{9A19103F-16F7-4668-BE54-9A1E7A4F7556}") = "Game.API", "Game.API\Game.API.csproj", "{1CD43611-0362-4501-B981-6BF12BB680E1}"
EndProject
Project("{9A19103F-16F7-4668-BE54-9A1E7A4F7556}") = "Game.Models", "Game.Models\Game.Models.csproj", "{B8B02949-5431-46E1-B1BC-598F958719CB}"
EndProject
Project("{9A19103F-16F7-4668-BE54-9A1E7A4F7556}") = "Game.DAL", "Game.DAL\Game.DAL.csproj", "{C41FD765-2BC1-4C17-886B-7C82A774146C}"
EndProject
Project("{FAE04EC0-301F-11D3-BF4B-00C04F79EFBC}") = "Game.UnitTests", "Game.UnitTests\Game.UnitTests.csproj", "{A4B4A9F1-D974-42C1-BBE2-2985E64F8822}"
EndProject
Global
	GlobalSection(SolutionConfigurationPlatforms) = preSolution
		Debug|Any CPU = Debug|Any CPU
		Release|Any CPU = Release|Any CPU
	EndGlobalSection
	GlobalSection(ProjectConfigurationPlatforms) = postSolution
		{1CD43611-0362-4501-B981-6BF12BB680E1}.Debug|Any CPU.ActiveCfg = Debug|Any CPU
		{1CD43611-0362-4501-B981-6BF12BB680E1}.Debug|Any CPU.Build.0 = Debug|Any CPU
		{1CD43611-0362-4501-B981-6BF12BB680E1}.Release|Any CPU.ActiveCfg = Release|Any CPU
		{1CD43611-0362-4501-B981-6BF12BB680E1}.Release|Any CPU.Build.0 = Release|Any CPU
		{B8B02949-5431-46E1-B1BC-598F958719CB}.Debug|Any CPU.ActiveCfg = Debug|Any CPU
		{B8B02949-5431-46E1-B1BC-598F958719CB}.Debug|Any CPU.Build.0 = Debug|Any CPU
		{B8B02949-5431-46E1-B1BC-598F958719CB}.Release|Any CPU.ActiveCfg = Release|Any CPU
		{B8B02949-5431-46E1-B1BC-598F958719CB}.Release|Any CPU.Build.0 = Release|Any CPU
		{C41FD765-2BC1-4C17-886B-7C82A774146C}.Debug|Any CPU.ActiveCfg = Debug|Any CPU
		{C41FD765-2BC1-4C17-886B-7C82A774146C}.Debug|Any CPU.Build.0 = Debug|Any CPU
		{C41FD765-2BC1-4C17-886B-7C82A774146C}.Release|Any CPU.ActiveCfg = Release|Any CPU
		{C41FD765-2BC1-4C17-886B-7C82A774146C}.Release|Any CPU.Build.0 = Release|Any CPU
		{A4B4A9F1-D974-42C1-BBE2-2985E64F8822}.Debug|Any CPU.ActiveCfg = Debug|Any CPU
		{A4B4A9F1-D974-42C1-BBE2-2985E64F8822}.Debug|Any CPU.Build.0 = Debug|Any CPU
		{A4B4A9F1-D974-42C1-BBE2-2985E64F8822}.Release|Any CPU.ActiveCfg = Release|Any CPU
		{A4B4A9F1-D974-42C1-BBE2-2985E64F8822}.Release|Any CPU.Build.0 = Release|Any CPU
	EndGlobalSection
	GlobalSection(SolutionProperties) = preSolution
		HideSolutionNode = FALSE
	EndGlobalSection
	GlobalSection(ExtensibilityGlobals) = postSolution
		SolutionGuid = {7E1F88A2-94BA-4FE0-90B9-6B3695A8EFD1}
	EndGlobalSection
EndGlobal
